// !$*UTF8*$!
{
	archiveVersion = 1;
	classes = {
	};
	objectVersion = 46;
	objects = {

/* Begin PBXBuildFile section */
		F186ACF81BF9BBF600C119DD /* main.m in Sources */ = {isa = PBXBuildFile; fileRef = F186ACF71BF9BBF600C119DD /* main.m */; };
		F186ACFB1BF9BBF600C119DD /* AppDelegate.m in Sources */ = {isa = PBXBuildFile; fileRef = F186ACFA1BF9BBF600C119DD /* AppDelegate.m */; };
		F186ACFE1BF9BBF600C119DD /* ViewController.m in Sources */ = {isa = PBXBuildFile; fileRef = F186ACFD1BF9BBF600C119DD /* ViewController.m */; };
		F186AD011BF9BBF600C119DD /* Main.storyboard in Resources */ = {isa = PBXBuildFile; fileRef = F186ACFF1BF9BBF600C119DD /* Main.storyboard */; };
		F186AD031BF9BBF600C119DD /* Assets.xcassets in Resources */ = {isa = PBXBuildFile; fileRef = F186AD021BF9BBF600C119DD /* Assets.xcassets */; };
		F186AD061BF9BBF600C119DD /* LaunchScreen.storyboard in Resources */ = {isa = PBXBuildFile; fileRef = F186AD041BF9BBF600C119DD /* LaunchScreen.storyboard */; };
		F186AD101BF9BCD300C119DD /* UIImage+ResizeMagick.m in Sources */ = {isa = PBXBuildFile; fileRef = F186AD0F1BF9BCD300C119DD /* UIImage+ResizeMagick.m */; };
		F186AD141BF9BCDE00C119DD /* PopView.m in Sources */ = {isa = PBXBuildFile; fileRef = F186AD131BF9BCDE00C119DD /* PopView.m */; };
/* End PBXBuildFile section */

/* Begin PBXFileReference section */
		F186ACF31BF9BBF600C119DD /* PopAnimation.app */ = {isa = PBXFileReference; explicitFileType = wrapper.application; includeInIndex = 0; path = PopAnimation.app; sourceTree = BUILT_PRODUCTS_DIR; };
		F186ACF71BF9BBF600C119DD /* main.m */ = {isa = PBXFileReference; lastKnownFileType = sourcecode.c.objc; path = main.m; sourceTree = "<group>"; };
		F186ACF91BF9BBF600C119DD /* AppDelegate.h */ = {isa = PBXFileReference; lastKnownFileType = sourcecode.c.h; path = AppDelegate.h; sourceTree = "<group>"; };
		F186ACFA1BF9BBF600C119DD /* AppDelegate.m */ = {isa = PBXFileReference; lastKnownFileType = sourcecode.c.objc; path = AppDelegate.m; sourceTree = "<group>"; };
		F186ACFC1BF9BBF600C119DD /* ViewController.h */ = {isa = PBXFileReference; lastKnownFileType = sourcecode.c.h; path = ViewController.h; sourceTree = "<group>"; };
		F186ACFD1BF9BBF600C119DD /* ViewController.m */ = {isa = PBXFileReference; lastKnownFileType = sourcecode.c.objc; path = ViewController.m; sourceTree = "<group>"; };
		F186AD001BF9BBF600C119DD /* Base */ = {isa = PBXFileReference; lastKnownFileType = file.storyboard; name = Base; path = Base.lproj/Main.storyboard; sourceTree = "<group>"; };
		F186AD021BF9BBF600C119DD /* Assets.xcassets */ = {isa = PBXFileReference; lastKnownFileType = folder.assetcatalog; path = Assets.xcassets; sourceTree = "<group>"; };
		F186AD051BF9BBF600C119DD /* Base */ = {isa = PBXFileReference; lastKnownFileType = file.storyboard; name = Base; path = Base.lproj/LaunchScreen.storyboard; sourceTree = "<group>"; };
		F186AD071BF9BBF600C119DD /* Info.plist */ = {isa = PBXFileReference; lastKnownFileType = text.plist.xml; path = Info.plist; sourceTree = "<group>"; };
		F186AD0E1BF9BCD300C119DD /* UIImage+ResizeMagick.h */ = {isa = PBXFileReference; fileEncoding = 4; lastKnownFileType = sourcecode.c.h; path = "UIImage+ResizeMagick.h"; sourceTree = "<group>"; };
		F186AD0F1BF9BCD300C119DD /* UIImage+ResizeMagick.m */ = {isa = PBXFileReference; fileEncoding = 4; lastKnownFileType = sourcecode.c.objc; path = "UIImage+ResizeMagick.m"; sourceTree = "<group>"; };
		F186AD121BF9BCDE00C119DD /* PopView.h */ = {isa = PBXFileReference; fileEncoding = 4; lastKnownFileType = sourcecode.c.h; path = PopView.h; sourceTree = "<group>"; };
		F186AD131BF9BCDE00C119DD /* PopView.m */ = {isa = PBXFileReference; fileEncoding = 4; lastKnownFileType = sourcecode.c.objc; path = PopView.m; sourceTree = "<group>"; };
/* End PBXFileReference section */

/* Begin PBXFrameworksBuildPhase section */
		F186ACF01BF9BBF600C119DD /* Frameworks */ = {
			isa = PBXFrameworksBuildPhase;
			buildActionMask = 2147483647;
			files = (
			);
			runOnlyForDeploymentPostprocessing = 0;
		};
/* End PBXFrameworksBuildPhase section */

/* Begin PBXGroup section */
		F186ACEA1BF9BBF600C119DD = {
			isa = PBXGroup;
			children = (
				F186ACF51BF9BBF600C119DD /* PopAnimation */,
				F186ACF41BF9BBF600C119DD /* Products */,
			);
			sourceTree = "<group>";
		};
		F186ACF41BF9BBF600C119DD /* Products */ = {
			isa = PBXGroup;
			children = (
				F186ACF31BF9BBF600C119DD /* PopAnimation.app */,
			);
			name = Products;
			sourceTree = "<group>";
		};
		F186ACF51BF9BBF600C119DD /* PopAnimation */ = {
			isa = PBXGroup;
			children = (
				F186AD0D1BF9BCD300C119DD /* UIImage-ResizeMagick */,
				F186AD111BF9BCDD00C119DD /* PopAnimationView */,
				F186ACF91BF9BBF600C119DD /* AppDelegate.h */,
				F186ACFA1BF9BBF600C119DD /* AppDelegate.m */,
				F186ACFC1BF9BBF600C119DD /* ViewController.h */,
				F186ACFD1BF9BBF600C119DD /* ViewController.m */,
				F186ACFF1BF9BBF600C119DD /* Main.storyboard */,
				F186AD021BF9BBF600C119DD /* Assets.xcassets */,
				F186AD041BF9BBF600C119DD /* LaunchScreen.storyboard */,
				F186AD071BF9BBF600C119DD /* Info.plist */,
				F186ACF61BF9BBF600C119DD /* Supporting Files */,
			);
			path = PopAnimation;
			sourceTree = "<group>";
		};
		F186ACF61BF9BBF600C119DD /* Supporting Files */ = {
			isa = PBXGroup;
			children = (
				F186ACF71BF9BBF600C119DD /* main.m */,
			);
			name = "Supporting Files";
			sourceTree = "<group>";
		};
		F186AD0D1BF9BCD300C119DD /* UIImage-ResizeMagick */ = {
			isa = PBXGroup;
			children = (
				F186AD0E1BF9BCD300C119DD /* UIImage+ResizeMagick.h */,
				F186AD0F1BF9BCD300C119DD /* UIImage+ResizeMagick.m */,
			);
			path = "UIImage-ResizeMagick";
			sourceTree = "<group>";
		};
		F186AD111BF9BCDD00C119DD /* PopAnimationView */ = {
			isa = PBXGroup;
			children = (
				F186AD121BF9BCDE00C119DD /* PopView.h */,
				F186AD131BF9BCDE00C119DD /* PopView.m */,
			);
			path = PopAnimationView;
			sourceTree = "<group>";
		};
/* End PBXGroup section */

/* Begin PBXNativeTarget section */
		F186ACF21BF9BBF600C119DD /* PopAnimation */ = {
			isa = PBXNativeTarget;
			buildConfigurationList = F186AD0A1BF9BBF600C119DD /* Build configuration list for PBXNativeTarget "PopAnimation" */;
			buildPhases = (
				F186ACEF1BF9BBF600C119DD /* Sources */,
				F186ACF01BF9BBF600C119DD /* Frameworks */,
				F186ACF11BF9BBF600C119DD /* Resources */,
			);
			buildRules = (
			);
			dependencies = (
			);
			name = PopAnimation;
			productName = PopAnimation;
			productReference = F186ACF31BF9BBF600C119DD /* PopAnimation.app */;
			productType = "com.apple.product-type.application";
		};
/* End PBXNativeTarget section */

/* Begin PBXProject section */
		F186ACEB1BF9BBF600C119DD /* Project object */ = {
			isa = PBXProject;
			attributes = {
				LastUpgradeCheck = 0710;
				ORGANIZATIONNAME = Vols;
				TargetAttributes = {
					F186ACF21BF9BBF600C119DD = {
						CreatedOnToolsVersion = 7.1;
					};
				};
			};
			buildConfigurationList = F186ACEE1BF9BBF600C119DD /* Build configuration list for PBXProject "PopAnimation" */;
			compatibilityVersion = "Xcode 3.2";
			developmentRegion = English;
			hasScannedForEncodings = 0;
			knownRegions = (
				en,
				Base,
			);
			mainGroup = F186ACEA1BF9BBF600C119DD;
			productRefGroup = F186ACF41BF9BBF600C119DD /* Products */;
			projectDirPath = "";
			projectRoot = "";
			targets = (
				F186ACF21BF9BBF600C119DD /* PopAnimation */,
			);
		};
/* End PBXProject section */

/* Begin PBXResourcesBuildPhase section */
		F186ACF11BF9BBF600C119DD /* Resources */ = {
			isa = PBXResourcesBuildPhase;
			buildActionMask = 2147483647;
			files = (
				F186AD061BF9BBF600C119DD /* LaunchScreen.storyboard in Resources */,
				F186AD031BF9BBF600C119DD /* Assets.xcassets in Resources */,
				F186AD011BF9BBF600C119DD /* Main.storyboard in Resources */,
			);
			runOnlyForDeploymentPostprocessing = 0;
		};
/* End PBXResourcesBuildPhase section */

/* Begin PBXSourcesBuildPhase section */
		F186ACEF1BF9BBF600C119DD /* Sources */ = {
			isa = PBXSourcesBuildPhase;
			buildActionMask = 2147483647;
			files = (
				F186ACFE1BF9BBF600C119DD /* ViewController.m in Sources */,
				F186ACFB1BF9BBF600C119DD /* AppDelegate.m in Sources */,
				F186ACF81BF9BBF600C119DD /* main.m in Sources */,
				F186AD101BF9BCD300C119DD /* UIImage+ResizeMagick.m in Sources */,
				F186AD141BF9BCDE00C119DD /* PopView.m in Sources */,
			);
			runOnlyForDeploymentPostprocessing = 0;
		};
/* End PBXSourcesBuildPhase section */

/* Begin PBXVariantGroup section */
		F186ACFF1BF9BBF600C119DD /* Main.storyboard */ = {
			isa = PBXVariantGroup;
			children = (
				F186AD001BF9BBF600C119DD /* Base */,
			);
			name = Main.storyboard;
			sourceTree = "<group>";
		};
		F186AD041BF9BBF600C119DD /* LaunchScreen.storyboard */ = {
			isa = PBXVariantGroup;
			children = (
				F186AD051BF9BBF600C119DD /* Base */,
			);
			name = LaunchScreen.storyboard;
			sourceTree = "<group>";
		};
/* End PBXVariantGroup section */

/* Begin XCBuildConfiguration section */
		F186AD081BF9BBF600C119DD /* Debug */ = {
			isa = XCBuildConfiguration;
			buildSettings = {
				ALWAYS_SEARCH_USER_PATHS = NO;
				CLANG_CXX_LANGUAGE_STANDARD = "gnu++0x";
				CLANG_CXX_LIBRARY = "libc++";
				CLANG_ENABLE_MODULES = YES;
				CLANG_ENABLE_OBJC_ARC = YES;
				CLANG_WARN_BOOL_CONVERSION = YES;
				CLANG_WARN_CONSTANT_CONVERSION = YES;
				CLANG_WARN_DIRECT_OBJC_ISA_USAGE = YES_ERROR;
				CLANG_WARN_EMPTY_BODY = YES;
				CLANG_WARN_ENUM_CONVERSION = YES;
				CLANG_WARN_INT_CONVERSION = YES;
				CLANG_WARN_OBJC_ROOT_CLASS = YES_ERROR;
				CLANG_WARN_UNREACHABLE_CODE = YES;
				CLANG_WARN__DUPLICATE_METHOD_MATCH = YES;
				"CODE_SIGN_IDENTITY[sdk=iphoneos*]" = "iPhone Developer";
				COPY_PHASE_STRIP = NO;
				DEBUG_INFORMATION_FORMAT = dwarf;
				ENABLE_STRICT_OBJC_MSGSEND = YES;
				ENABLE_TESTABILITY = YES;
				GCC_C_LANGUAGE_STANDARD = gnu99;
				GCC_DYNAMIC_NO_PIC = NO;
				GCC_NO_COMMON_BLOCKS = YES;
				GCC_OPTIMIZATION_LEVEL = 0;
				GCC_PREPROCESSOR_DEFINITIONS = (
					"DEBUG=1",
					"$(inherited)",
				);
				GCC_WARN_64_TO_32_BIT_CONVERSION = YES;
				GCC_WARN_ABOUT_RETURN_TYPE = YES_ERROR;
				GCC_WARN_UNDECLARED_SELECTOR = YES;
				GCC_WARN_UNINITIALIZED_AUTOS = YES_AGGRESSIVE;
				GCC_WARN_UNUSED_FUNCTION = YES;
				GCC_WARN_UNUSED_VARIABLE = YES;
				IPHONEOS_DEPLOYMENT_TARGET = 9.1;
				MTL_ENABLE_DEBUG_INFO = YES;
				ONLY_ACTIVE_ARCH = YES;
				SDKROOT = iphoneos;
			};
			name = Debug;
		};
		F186AD091BF9BBF600C119DD /* Release */ = {
			isa = XCBuildConfiguration;
			buildSettings = {
				ALWAYS_SEARCH_USER_PATHS = NO;
				CLANG_CXX_LANGUAGE_STANDARD = "gnu++0x";
				CLANG_CXX_LIBRARY = "libc++";
				CLANG_ENABLE_MODULES = YES;
				CLANG_ENABLE_OBJC_ARC = YES;
				CLANG_WARN_BOOL_CONVERSION = YES;
				CLANG_WARN_CONSTANT_CONVERSION = YES;
				CLANG_WARN_DIRECT_OBJC_ISA_USAGE = YES_ERROR;
				CLANG_WARN_EMPTY_BODY = YES;
				CLANG_WARN_ENUM_CONVERSION = YES;
				CLANG_WARN_INT_CONVERSION = YES;
				CLANG_WARN_OBJC_ROOT_CLASS = YES_ERROR;
				CLANG_WARN_UNREACHABLE_CODE = YES;
				CLANG_WARN__DUPLICATE_METHOD_MATCH = YES;
				"CODE_SIGN_IDENTITY[sdk=iphoneos*]" = "iPhone Developer";
				COPY_PHASE_STRIP = NO;
				DEBUG_INFORMATION_FORMAT = "dwarf-with-dsym";
				ENABLE_NS_ASSERTIONS = NO;
				ENABLE_STRICT_OBJC_MSGSEND = YES;
				GCC_C_LANGUAGE_STANDARD = gnu99;
				GCC_NO_COMMON_BLOCKS = YES;
				GCC_WARN_64_TO_32_BIT_CONVERSION = YES;
				GCC_WARN_ABOUT_RETURN_TYPE = YES_ERROR;
				GCC_WARN_UNDECLARED_SELECTOR = YES;
				GCC_WARN_UNINITIALIZED_AUTOS = YES_AGGRESSIVE;
				GCC_WARN_UNUSED_FUNCTION = YES;
				GCC_WARN_UNUSED_VARIABLE = YES;
				IPHONEOS_DEPLOYMENT_TARGET = 9.1;
				MTL_ENABLE_DEBUG_INFO = NO;
				SDKROOT = iphoneos;
				VALIDATE_PRODUCT = YES;
			};
			name = Release;
		};
		F186AD0B1BF9BBF600C119DD /* Debug */ = {
			isa = XCBuildConfiguration;
			buildSettings = {
				ASSETCATALOG_COMPILER_APPICON_NAME = AppIcon;
				INFOPLIST_FILE = PopAnimation/Info.plist;
				LD_RUNPATH_SEARCH_PATHS = "$(inherited) @executable_path/Frameworks";
				PRODUCT_BUNDLE_IDENTIFIER = com.PopAnimation;
				PRODUCT_NAME = "$(TARGET_NAME)";
			};
			name = Debug;
		};
		F186AD0C1BF9BBF600C119DD /* Release */ = {
			isa = XCBuildConfiguration;
			buildSettings = {
				ASSETCATALOG_COMPILER_APPICON_NAME = AppIcon;
				INFOPLIST_FILE = PopAnimation/Info.plist;
				LD_RUNPATH_SEARCH_PATHS = "$(inherited) @executable_path/Frameworks";
				PRODUCT_BUNDLE_IDENTIFIER = com.PopAnimation;
				PRODUCT_NAME = "$(TARGET_NAME)";
			};
			name = Release;
		};
/* End XCBuildConfiguration section */

/* Begin XCConfigurationList section */
		F186ACEE1BF9BBF600C119DD /* Build configuration list for PBXProject "PopAnimation" */ = {
			isa = XCConfigurationList;
			buildConfigurations = (
				F186AD081BF9BBF600C119DD /* Debug */,
				F186AD091BF9BBF600C119DD /* Release */,
			);
			defaultConfigurationIsVisible = 0;
			defaultConfigurationName = Release;
		};
		F186AD0A1BF9BBF600C119DD /* Build configuration list for PBXNativeTarget "PopAnimation" */ = {
			isa = XCConfigurationList;
			buildConfigurations = (
				F186AD0B1BF9BBF600C119DD /* Debug */,
				F186AD0C1BF9BBF600C119DD /* Release */,
			);
			defaultConfigurationIsVisible = 0;
		};
/* End XCConfigurationList section */
	};
	rootObject = F186ACEB1BF9BBF600C119DD /* Project object */;
}
